
Microsoft Visual Studio Solution File, Format Version 12.00
# Visual Studio Version 17
VisualStudioVersion = 17.5.33414.496
MinimumVisualStudioVersion = 10.0.40219.1
Project("{FAE04EC0-301F-11D3-BF4B-00C04F79EFBC}") = "QuizPertemuan14", "QuizPertemuan14\QuizPertemuan14.csproj", "{A97EA406-4690-4D28-A148-366C34D32552}"
EndProject
Global
	GlobalSection(SolutionConfigurationPlatforms) = preSolution
		Debug|Any CPU = Debug|Any CPU
		Release|Any CPU = Release|Any CPU
	EndGlobalSection
	GlobalSection(ProjectConfigurationPlatforms) = postSolution
		{A97EA406-4690-4D28-A148-366C34D32552}.Debug|Any CPU.ActiveCfg = Debug|Any CPU
		{A97EA406-4690-4D28-A148-366C34D32552}.Debug|Any CPU.Build.0 = Debug|Any CPU
		{A97EA406-4690-4D28-A148-366C34D32552}.Release|Any CPU.ActiveCfg = Release|Any CPU
		{A97EA406-4690-4D28-A148-366C34D32552}.Release|Any CPU.Build.0 = Release|Any CPU
	EndGlobalSection
	GlobalSection(SolutionProperties) = preSolution
		HideSolutionNode = FALSE
	EndGlobalSection
	GlobalSection(ExtensibilityGlobals) = postSolution
		SolutionGuid = {6E2F0044-E93C-4FC8-B49F-00A20E5C1E08}
	EndGlobalSection
EndGlobal
